
Microsoft Visual Studio Solution File, Format Version 12.00
Project("{2150E333-8FDC-42A3-9474-1A3956D46DE8}") = "src", "src", "{09FC2738-02F8-4BFB-BE07-A166B3235E8D}"
	ProjectSection(SolutionItems) = preProject
		src\.dockerignore = src\.dockerignore
		src\docker-compose.yml = src\docker-compose.yml
		src\docker-compose.override.yml = src\docker-compose.override.yml
	EndProjectSection
EndProject
Project("{2150E333-8FDC-42A3-9474-1A3956D46DE8}") = "notification-service", "notification-service", "{E2C7B298-2D61-42F4-98B2-C5F9276322AD}"
EndProject
Project("{FAE04EC0-301F-11D3-BF4B-00C04F79EFBC}") = "OrganizationNotificationService", "src\notification-service\OrganizationNotificationService\OrganizationNotificationService.csproj", "{F29BAC13-DB79-4783-9C54-56F97B6177B2}"
EndProject
Project("{2150E333-8FDC-42A3-9474-1A3956D46DE8}") = "notification-plugin", "notification-plugin", "{FF76BB64-12C9-4B61-9609-DA571AD63832}"
EndProject
Project("{FAE04EC0-301F-11D3-BF4B-00C04F79EFBC}") = "OrganizationNotificationPlugin", "src\notification-plugin\OrganizationNotificationPlugin\OrganizationNotificationPlugin.csproj", "{9CC8D8C5-98FD-4D2A-A1C3-C00302F2F20C}"
EndProject
Project("{2150E333-8FDC-42A3-9474-1A3956D46DE8}") = "demo", "demo", "{8B566E41-57BE-46D6-A5C4-611A1A84DE33}"
EndProject
Project("{FAE04EC0-301F-11D3-BF4B-00C04F79EFBC}") = "BreakingNewsService", "src\demo\BreakingNewsService\BreakingNewsService.csproj", "{C138438D-60D3-4DEF-8081-93CBBE436F2A}"
EndProject
Project("{2150E333-8FDC-42A3-9474-1A3956D46DE8}") = "shared", "shared", "{6421EB29-B9E2-4D30-ACF8-45353914E7BF}"
EndProject
Project("{FAE04EC0-301F-11D3-BF4B-00C04F79EFBC}") = "BreakingNews.Messages", "src\shared\BreakingNews.Messages\BreakingNews.Messages.csproj", "{FC86C528-9E0E-411D-8EC3-257196C749FD}"
EndProject
Global
	GlobalSection(SolutionConfigurationPlatforms) = preSolution
		Debug|Any CPU = Debug|Any CPU
		Release|Any CPU = Release|Any CPU
	EndGlobalSection
	GlobalSection(NestedProjects) = preSolution
		{E2C7B298-2D61-42F4-98B2-C5F9276322AD} = {09FC2738-02F8-4BFB-BE07-A166B3235E8D}
		{F29BAC13-DB79-4783-9C54-56F97B6177B2} = {E2C7B298-2D61-42F4-98B2-C5F9276322AD}
		{FF76BB64-12C9-4B61-9609-DA571AD63832} = {09FC2738-02F8-4BFB-BE07-A166B3235E8D}
		{9CC8D8C5-98FD-4D2A-A1C3-C00302F2F20C} = {FF76BB64-12C9-4B61-9609-DA571AD63832}
		{8B566E41-57BE-46D6-A5C4-611A1A84DE33} = {09FC2738-02F8-4BFB-BE07-A166B3235E8D}
		{C138438D-60D3-4DEF-8081-93CBBE436F2A} = {8B566E41-57BE-46D6-A5C4-611A1A84DE33}
		{6421EB29-B9E2-4D30-ACF8-45353914E7BF} = {09FC2738-02F8-4BFB-BE07-A166B3235E8D}
		{FC86C528-9E0E-411D-8EC3-257196C749FD} = {6421EB29-B9E2-4D30-ACF8-45353914E7BF}
	EndGlobalSection
	GlobalSection(ProjectConfigurationPlatforms) = postSolution
		{F29BAC13-DB79-4783-9C54-56F97B6177B2}.Debug|Any CPU.ActiveCfg = Debug|Any CPU
		{F29BAC13-DB79-4783-9C54-56F97B6177B2}.Debug|Any CPU.Build.0 = Debug|Any CPU
		{F29BAC13-DB79-4783-9C54-56F97B6177B2}.Release|Any CPU.ActiveCfg = Release|Any CPU
		{F29BAC13-DB79-4783-9C54-56F97B6177B2}.Release|Any CPU.Build.0 = Release|Any CPU
		{9CC8D8C5-98FD-4D2A-A1C3-C00302F2F20C}.Debug|Any CPU.ActiveCfg = Debug|Any CPU
		{9CC8D8C5-98FD-4D2A-A1C3-C00302F2F20C}.Debug|Any CPU.Build.0 = Debug|Any CPU
		{9CC8D8C5-98FD-4D2A-A1C3-C00302F2F20C}.Release|Any CPU.ActiveCfg = Release|Any CPU
		{9CC8D8C5-98FD-4D2A-A1C3-C00302F2F20C}.Release|Any CPU.Build.0 = Release|Any CPU
		{C138438D-60D3-4DEF-8081-93CBBE436F2A}.Debug|Any CPU.ActiveCfg = Debug|Any CPU
		{C138438D-60D3-4DEF-8081-93CBBE436F2A}.Debug|Any CPU.Build.0 = Debug|Any CPU
		{C138438D-60D3-4DEF-8081-93CBBE436F2A}.Release|Any CPU.ActiveCfg = Release|Any CPU
		{C138438D-60D3-4DEF-8081-93CBBE436F2A}.Release|Any CPU.Build.0 = Release|Any CPU
		{FC86C528-9E0E-411D-8EC3-257196C749FD}.Debug|Any CPU.ActiveCfg = Debug|Any CPU
		{FC86C528-9E0E-411D-8EC3-257196C749FD}.Debug|Any CPU.Build.0 = Debug|Any CPU
		{FC86C528-9E0E-411D-8EC3-257196C749FD}.Release|Any CPU.ActiveCfg = Release|Any CPU
		{FC86C528-9E0E-411D-8EC3-257196C749FD}.Release|Any CPU.Build.0 = Release|Any CPU
	EndGlobalSection
EndGlobal
